
Microsoft Visual Studio Solution File, Format Version 12.00
# Visual Studio Version 17
VisualStudioVersion = 17.9.34622.214
MinimumVisualStudioVersion = 10.0.40219.1
Project("{FAE04EC0-301F-11D3-BF4B-00C04F79EFBC}") = "InterfaceTask", "InterfaceTask\InterfaceTask.csproj", "{4FAEBC2A-0424-4C0B-A85A-86FDE3D7B59F}"
EndProject
Global
	GlobalSection(SolutionConfigurationPlatforms) = preSolution
		Debug|Any CPU = Debug|Any CPU
		Release|Any CPU = Release|Any CPU
	EndGlobalSection
	GlobalSection(ProjectConfigurationPlatforms) = postSolution
		{4FAEBC2A-0424-4C0B-A85A-86FDE3D7B59F}.Debug|Any CPU.ActiveCfg = Debug|Any CPU
		{4FAEBC2A-0424-4C0B-A85A-86FDE3D7B59F}.Debug|Any CPU.Build.0 = Debug|Any CPU
		{4FAEBC2A-0424-4C0B-A85A-86FDE3D7B59F}.Release|Any CPU.ActiveCfg = Release|Any CPU
		{4FAEBC2A-0424-4C0B-A85A-86FDE3D7B59F}.Release|Any CPU.Build.0 = Release|Any CPU
	EndGlobalSection
	GlobalSection(SolutionProperties) = preSolution
		HideSolutionNode = FALSE
	EndGlobalSection
	GlobalSection(ExtensibilityGlobals) = postSolution
		SolutionGuid = {79D1DB39-4068-4396-8B9A-17EF877392C9}
	EndGlobalSection
EndGlobal
