
Microsoft Visual Studio Solution File, Format Version 12.00
# Visual Studio Version 17
VisualStudioVersion = 17.9.34622.214
MinimumVisualStudioVersion = 10.0.40219.1
Project("{FAE04EC0-301F-11D3-BF4B-00C04F79EFBC}") = "ControlFlow", "ControlFlow\ControlFlow.csproj", "{FFDA26EE-D7CB-4108-9A50-04C8A3750B44}"
EndProject
Global
	GlobalSection(SolutionConfigurationPlatforms) = preSolution
		Debug|Any CPU = Debug|Any CPU
		Release|Any CPU = Release|Any CPU
	EndGlobalSection
	GlobalSection(ProjectConfigurationPlatforms) = postSolution
		{FFDA26EE-D7CB-4108-9A50-04C8A3750B44}.Debug|Any CPU.ActiveCfg = Debug|Any CPU
		{FFDA26EE-D7CB-4108-9A50-04C8A3750B44}.Debug|Any CPU.Build.0 = Debug|Any CPU
		{FFDA26EE-D7CB-4108-9A50-04C8A3750B44}.Release|Any CPU.ActiveCfg = Release|Any CPU
		{FFDA26EE-D7CB-4108-9A50-04C8A3750B44}.Release|Any CPU.Build.0 = Release|Any CPU
	EndGlobalSection
	GlobalSection(SolutionProperties) = preSolution
		HideSolutionNode = FALSE
	EndGlobalSection
	GlobalSection(ExtensibilityGlobals) = postSolution
		SolutionGuid = {EC781DAB-ECD5-46E8-A881-A2E75A13AF38}
	EndGlobalSection
EndGlobal
