
Microsoft Visual Studio Solution File, Format Version 12.00
# Visual Studio Version 17
VisualStudioVersion = 17.9.34622.214
MinimumVisualStudioVersion = 10.0.40219.1
Project("{FAE04EC0-301F-11D3-BF4B-00C04F79EFBC}") = "Aggregation", "Aggregation\Aggregation.csproj", "{20BB413D-C030-44D2-BF4C-1A24CB19F980}"
EndProject
Global
	GlobalSection(SolutionConfigurationPlatforms) = preSolution
		Debug|Any CPU = Debug|Any CPU
		Release|Any CPU = Release|Any CPU
	EndGlobalSection
	GlobalSection(ProjectConfigurationPlatforms) = postSolution
		{20BB413D-C030-44D2-BF4C-1A24CB19F980}.Debug|Any CPU.ActiveCfg = Debug|Any CPU
		{20BB413D-C030-44D2-BF4C-1A24CB19F980}.Debug|Any CPU.Build.0 = Debug|Any CPU
		{20BB413D-C030-44D2-BF4C-1A24CB19F980}.Release|Any CPU.ActiveCfg = Release|Any CPU
		{20BB413D-C030-44D2-BF4C-1A24CB19F980}.Release|Any CPU.Build.0 = Release|Any CPU
	EndGlobalSection
	GlobalSection(SolutionProperties) = preSolution
		HideSolutionNode = FALSE
	EndGlobalSection
	GlobalSection(ExtensibilityGlobals) = postSolution
		SolutionGuid = {9CC8CF17-5E8C-4E0A-95AF-10A192AFEECB}
	EndGlobalSection
EndGlobal
